
Microsoft Visual Studio Solution File, Format Version 12.00
# Visual Studio Version 17
VisualStudioVersion = 17.0.31903.59
MinimumVisualStudioVersion = 10.0.40219.1
Project("{2150E333-8FDC-42A3-9474-1A3956D46DE8}") = "src", "src", "{36D591C7-65C7-A0D1-1CBC-10CDE441BDC8}"
EndProject
Project("{2150E333-8FDC-42A3-9474-1A3956D46DE8}") = "API", "API", "{4C7173BA-EA83-4B81-AF1D-D3EAC263E634}"
EndProject
Project("{2150E333-8FDC-42A3-9474-1A3956D46DE8}") = "Modules", "Modules", "{A6E46579-D9FC-492E-89EC-F8C1C57A6673}"
EndProject
Project("{2150E333-8FDC-42A3-9474-1A3956D46DE8}") = "Platform", "Platform", "{457E2B37-D95D-45E9-9A13-3CA01F6DE4EA}"
EndProject
Project("{FAE04EC0-301F-11D3-BF4B-00C04F79EFBC}") = "ViridiscaUi.Domain", "src\Modules\ViridiscaUi.Domain\ViridiscaUi.Domain.csproj", "{579A50A6-F6BB-CCC7-A21C-3ADC8AE52F21}"
EndProject
Project("{FAE04EC0-301F-11D3-BF4B-00C04F79EFBC}") = "ViridiscaUi.Infrastructure", "src\Modules\ViridiscaUi.Infrastructure\ViridiscaUi.Infrastructure.csproj", "{F59F353F-7E97-A134-55E6-8CBEB24BA39E}"
EndProject
Project("{FAE04EC0-301F-11D3-BF4B-00C04F79EFBC}") = "ViridiscaUi.Android", "src\Platform\ViridiscaUi.Android\ViridiscaUi.Android.csproj", "{6307FFD0-4268-C41E-B8B1-06B7F7329203}"
EndProject
Project("{FAE04EC0-301F-11D3-BF4B-00C04F79EFBC}") = "ViridiscaUi.Desktop", "src\Platform\ViridiscaUi.Desktop\ViridiscaUi.Desktop.csproj", "{5D8C73EA-076E-CC69-38E1-68DBB58F7192}"
EndProject
Project("{FAE04EC0-301F-11D3-BF4B-00C04F79EFBC}") = "ViridiscaUi.Browser", "src\Platform\ViridiscaUi.Browser\ViridiscaUi.Browser.csproj", "{0C461369-FFBA-BBFE-A8E5-F8E72834D696}"
EndProject
Project("{FAE04EC0-301F-11D3-BF4B-00C04F79EFBC}") = "ViridiscaUi", "src\API\ViridiscaUi\ViridiscaUi.csproj", "{A74E5BA4-3621-E0EC-545D-5B720B7930E5}"
EndProject
Project("{2150E333-8FDC-42A3-9474-1A3956D46DE8}") = "tests", "tests", "{0AB3BF05-4346-4AA6-1389-037BE0695223}"
EndProject
Project("{FAE04EC0-301F-11D3-BF4B-00C04F79EFBC}") = "ViridiscaUi.HeadlessTests", "tests\ViridiscaUi.HeadlessTests\ViridiscaUi.HeadlessTests.csproj", "{D0A34F74-EACC-479F-88AC-DB494BFD223E}"
EndProject
Global
	GlobalSection(SolutionConfigurationPlatforms) = preSolution
		Debug|Any CPU = Debug|Any CPU
		Debug|x64 = Debug|x64
		Debug|x86 = Debug|x86
		Release|Any CPU = Release|Any CPU
		Release|x64 = Release|x64
		Release|x86 = Release|x86
	EndGlobalSection
	GlobalSection(ProjectConfigurationPlatforms) = postSolution
		{579A50A6-F6BB-CCC7-A21C-3ADC8AE52F21}.Debug|Any CPU.ActiveCfg = Debug|Any CPU
		{579A50A6-F6BB-CCC7-A21C-3ADC8AE52F21}.Debug|Any CPU.Build.0 = Debug|Any CPU
		{579A50A6-F6BB-CCC7-A21C-3ADC8AE52F21}.Debug|x64.ActiveCfg = Debug|Any CPU
		{579A50A6-F6BB-CCC7-A21C-3ADC8AE52F21}.Debug|x64.Build.0 = Debug|Any CPU
		{579A50A6-F6BB-CCC7-A21C-3ADC8AE52F21}.Debug|x86.ActiveCfg = Debug|Any CPU
		{579A50A6-F6BB-CCC7-A21C-3ADC8AE52F21}.Debug|x86.Build.0 = Debug|Any CPU
		{579A50A6-F6BB-CCC7-A21C-3ADC8AE52F21}.Release|Any CPU.ActiveCfg = Release|Any CPU
		{579A50A6-F6BB-CCC7-A21C-3ADC8AE52F21}.Release|Any CPU.Build.0 = Release|Any CPU
		{579A50A6-F6BB-CCC7-A21C-3ADC8AE52F21}.Release|x64.ActiveCfg = Release|Any CPU
		{579A50A6-F6BB-CCC7-A21C-3ADC8AE52F21}.Release|x64.Build.0 = Release|Any CPU
		{579A50A6-F6BB-CCC7-A21C-3ADC8AE52F21}.Release|x86.ActiveCfg = Release|Any CPU
		{579A50A6-F6BB-CCC7-A21C-3ADC8AE52F21}.Release|x86.Build.0 = Release|Any CPU
		{F59F353F-7E97-A134-55E6-8CBEB24BA39E}.Debug|Any CPU.ActiveCfg = Debug|Any CPU
		{F59F353F-7E97-A134-55E6-8CBEB24BA39E}.Debug|Any CPU.Build.0 = Debug|Any CPU
		{F59F353F-7E97-A134-55E6-8CBEB24BA39E}.Debug|x64.ActiveCfg = Debug|Any CPU
		{F59F353F-7E97-A134-55E6-8CBEB24BA39E}.Debug|x64.Build.0 = Debug|Any CPU
		{F59F353F-7E97-A134-55E6-8CBEB24BA39E}.Debug|x86.ActiveCfg = Debug|Any CPU
		{F59F353F-7E97-A134-55E6-8CBEB24BA39E}.Debug|x86.Build.0 = Debug|Any CPU
		{F59F353F-7E97-A134-55E6-8CBEB24BA39E}.Release|Any CPU.ActiveCfg = Release|Any CPU
		{F59F353F-7E97-A134-55E6-8CBEB24BA39E}.Release|Any CPU.Build.0 = Release|Any CPU
		{F59F353F-7E97-A134-55E6-8CBEB24BA39E}.Release|x64.ActiveCfg = Release|Any CPU
		{F59F353F-7E97-A134-55E6-8CBEB24BA39E}.Release|x64.Build.0 = Release|Any CPU
		{F59F353F-7E97-A134-55E6-8CBEB24BA39E}.Release|x86.ActiveCfg = Release|Any CPU
		{F59F353F-7E97-A134-55E6-8CBEB24BA39E}.Release|x86.Build.0 = Release|Any CPU
		{6307FFD0-4268-C41E-B8B1-06B7F7329203}.Debug|Any CPU.ActiveCfg = Debug|Any CPU
		{6307FFD0-4268-C41E-B8B1-06B7F7329203}.Debug|Any CPU.Build.0 = Debug|Any CPU
		{6307FFD0-4268-C41E-B8B1-06B7F7329203}.Debug|Any CPU.Deploy.0 = Debug|Any CPU
		{6307FFD0-4268-C41E-B8B1-06B7F7329203}.Debug|x64.ActiveCfg = Debug|Any CPU
		{6307FFD0-4268-C41E-B8B1-06B7F7329203}.Debug|x64.Build.0 = Debug|Any CPU
		{6307FFD0-4268-C41E-B8B1-06B7F7329203}.Debug|x86.ActiveCfg = Debug|Any CPU
		{6307FFD0-4268-C41E-B8B1-06B7F7329203}.Debug|x86.Build.0 = Debug|Any CPU
		{6307FFD0-4268-C41E-B8B1-06B7F7329203}.Release|Any CPU.ActiveCfg = Release|Any CPU
		{6307FFD0-4268-C41E-B8B1-06B7F7329203}.Release|Any CPU.Build.0 = Release|Any CPU
		{6307FFD0-4268-C41E-B8B1-06B7F7329203}.Release|Any CPU.Deploy.0 = Release|Any CPU
		{6307FFD0-4268-C41E-B8B1-06B7F7329203}.Release|x64.ActiveCfg = Release|Any CPU
		{6307FFD0-4268-C41E-B8B1-06B7F7329203}.Release|x64.Build.0 = Release|Any CPU
		{6307FFD0-4268-C41E-B8B1-06B7F7329203}.Release|x86.ActiveCfg = Release|Any CPU
		{6307FFD0-4268-C41E-B8B1-06B7F7329203}.Release|x86.Build.0 = Release|Any CPU
		{5D8C73EA-076E-CC69-38E1-68DBB58F7192}.Debug|Any CPU.ActiveCfg = Debug|Any CPU
		{5D8C73EA-076E-CC69-38E1-68DBB58F7192}.Debug|Any CPU.Build.0 = Debug|Any CPU
		{5D8C73EA-076E-CC69-38E1-68DBB58F7192}.Debug|x64.ActiveCfg = Debug|Any CPU
		{5D8C73EA-076E-CC69-38E1-68DBB58F7192}.Debug|x64.Build.0 = Debug|Any CPU
		{5D8C73EA-076E-CC69-38E1-68DBB58F7192}.Debug|x86.ActiveCfg = Debug|Any CPU
		{5D8C73EA-076E-CC69-38E1-68DBB58F7192}.Debug|x86.Build.0 = Debug|Any CPU
		{5D8C73EA-076E-CC69-38E1-68DBB58F7192}.Release|Any CPU.ActiveCfg = Release|Any CPU
		{5D8C73EA-076E-CC69-38E1-68DBB58F7192}.Release|Any CPU.Build.0 = Release|Any CPU
		{5D8C73EA-076E-CC69-38E1-68DBB58F7192}.Release|x64.ActiveCfg = Release|Any CPU
		{5D8C73EA-076E-CC69-38E1-68DBB58F7192}.Release|x64.Build.0 = Release|Any CPU
		{5D8C73EA-076E-CC69-38E1-68DBB58F7192}.Release|x86.ActiveCfg = Release|Any CPU
		{5D8C73EA-076E-CC69-38E1-68DBB58F7192}.Release|x86.Build.0 = Release|Any CPU
		{0C461369-FFBA-BBFE-A8E5-F8E72834D696}.Debug|Any CPU.ActiveCfg = Debug|Any CPU
		{0C461369-FFBA-BBFE-A8E5-F8E72834D696}.Debug|Any CPU.Build.0 = Debug|Any CPU
		{0C461369-FFBA-BBFE-A8E5-F8E72834D696}.Debug|x64.ActiveCfg = Debug|Any CPU
		{0C461369-FFBA-BBFE-A8E5-F8E72834D696}.Debug|x64.Build.0 = Debug|Any CPU
		{0C461369-FFBA-BBFE-A8E5-F8E72834D696}.Debug|x86.ActiveCfg = Debug|Any CPU
		{0C461369-FFBA-BBFE-A8E5-F8E72834D696}.Debug|x86.Build.0 = Debug|Any CPU
		{0C461369-FFBA-BBFE-A8E5-F8E72834D696}.Release|Any CPU.ActiveCfg = Release|Any CPU
		{0C461369-FFBA-BBFE-A8E5-F8E72834D696}.Release|Any CPU.Build.0 = Release|Any CPU
		{0C461369-FFBA-BBFE-A8E5-F8E72834D696}.Release|x64.ActiveCfg = Release|Any CPU
		{0C461369-FFBA-BBFE-A8E5-F8E72834D696}.Release|x64.Build.0 = Release|Any CPU
		{0C461369-FFBA-BBFE-A8E5-F8E72834D696}.Release|x86.ActiveCfg = Release|Any CPU
		{0C461369-FFBA-BBFE-A8E5-F8E72834D696}.Release|x86.Build.0 = Release|Any CPU
		{A74E5BA4-3621-E0EC-545D-5B720B7930E5}.Debug|Any CPU.ActiveCfg = Debug|Any CPU
		{A74E5BA4-3621-E0EC-545D-5B720B7930E5}.Debug|Any CPU.Build.0 = Debug|Any CPU
		{A74E5BA4-3621-E0EC-545D-5B720B7930E5}.Debug|x64.ActiveCfg = Debug|Any CPU
		{A74E5BA4-3621-E0EC-545D-5B720B7930E5}.Debug|x64.Build.0 = Debug|Any CPU
		{A74E5BA4-3621-E0EC-545D-5B720B7930E5}.Debug|x86.ActiveCfg = Debug|Any CPU
		{A74E5BA4-3621-E0EC-545D-5B720B7930E5}.Debug|x86.Build.0 = Debug|Any CPU
		{A74E5BA4-3621-E0EC-545D-5B720B7930E5}.Release|Any CPU.ActiveCfg = Release|Any CPU
		{A74E5BA4-3621-E0EC-545D-5B720B7930E5}.Release|Any CPU.Build.0 = Release|Any CPU
		{A74E5BA4-3621-E0EC-545D-5B720B7930E5}.Release|x64.ActiveCfg = Release|Any CPU
		{A74E5BA4-3621-E0EC-545D-5B720B7930E5}.Release|x64.Build.0 = Release|Any CPU
		{A74E5BA4-3621-E0EC-545D-5B720B7930E5}.Release|x86.ActiveCfg = Release|Any CPU
		{A74E5BA4-3621-E0EC-545D-5B720B7930E5}.Release|x86.Build.0 = Release|Any CPU
		{D0A34F74-EACC-479F-88AC-DB494BFD223E}.Debug|Any CPU.ActiveCfg = Debug|Any CPU
		{D0A34F74-EACC-479F-88AC-DB494BFD223E}.Debug|Any CPU.Build.0 = Debug|Any CPU
		{D0A34F74-EACC-479F-88AC-DB494BFD223E}.Debug|x64.ActiveCfg = Debug|Any CPU
		{D0A34F74-EACC-479F-88AC-DB494BFD223E}.Debug|x64.Build.0 = Debug|Any CPU
		{D0A34F74-EACC-479F-88AC-DB494BFD223E}.Debug|x86.ActiveCfg = Debug|Any CPU
		{D0A34F74-EACC-479F-88AC-DB494BFD223E}.Debug|x86.Build.0 = Debug|Any CPU
		{D0A34F74-EACC-479F-88AC-DB494BFD223E}.Release|Any CPU.ActiveCfg = Release|Any CPU
		{D0A34F74-EACC-479F-88AC-DB494BFD223E}.Release|Any CPU.Build.0 = Release|Any CPU
		{D0A34F74-EACC-479F-88AC-DB494BFD223E}.Release|x64.ActiveCfg = Release|Any CPU
		{D0A34F74-EACC-479F-88AC-DB494BFD223E}.Release|x64.Build.0 = Release|Any CPU
		{D0A34F74-EACC-479F-88AC-DB494BFD223E}.Release|x86.ActiveCfg = Release|Any CPU
		{D0A34F74-EACC-479F-88AC-DB494BFD223E}.Release|x86.Build.0 = Release|Any CPU
	EndGlobalSection
	GlobalSection(SolutionProperties) = preSolution
		HideSolutionNode = FALSE
	EndGlobalSection
	GlobalSection(NestedProjects) = preSolution
		{4C7173BA-EA83-4B81-AF1D-D3EAC263E634} = {36D591C7-65C7-A0D1-1CBC-10CDE441BDC8}
		{A6E46579-D9FC-492E-89EC-F8C1C57A6673} = {36D591C7-65C7-A0D1-1CBC-10CDE441BDC8}
		{457E2B37-D95D-45E9-9A13-3CA01F6DE4EA} = {36D591C7-65C7-A0D1-1CBC-10CDE441BDC8}
		{579A50A6-F6BB-CCC7-A21C-3ADC8AE52F21} = {A6E46579-D9FC-492E-89EC-F8C1C57A6673}
		{F59F353F-7E97-A134-55E6-8CBEB24BA39E} = {A6E46579-D9FC-492E-89EC-F8C1C57A6673}
		{6307FFD0-4268-C41E-B8B1-06B7F7329203} = {457E2B37-D95D-45E9-9A13-3CA01F6DE4EA}
		{5D8C73EA-076E-CC69-38E1-68DBB58F7192} = {457E2B37-D95D-45E9-9A13-3CA01F6DE4EA}
		{0C461369-FFBA-BBFE-A8E5-F8E72834D696} = {457E2B37-D95D-45E9-9A13-3CA01F6DE4EA}
		{A74E5BA4-3621-E0EC-545D-5B720B7930E5} = {4C7173BA-EA83-4B81-AF1D-D3EAC263E634}
		{D0A34F74-EACC-479F-88AC-DB494BFD223E} = {0AB3BF05-4346-4AA6-1389-037BE0695223}
	EndGlobalSection
	GlobalSection(ExtensibilityGlobals) = postSolution
		SolutionGuid = {77EE03D3-C356-4FCB-80CB-F345BB46DDB4}
	EndGlobalSection
EndGlobal
